// !$*UTF8*$!
{
	archiveVersion = 1;
	classes = {
	};
	objectVersion = 48;
	objects = {

/* Begin PBXBuildFile section */
		9A56443010891A28716AADAE /* libPods-Taxi_Khu_Hoi.a in Frameworks */ = {isa = PBXBuildFile; fileRef = 2E987D8C3263BA38C5014EF0 /* libPods-Taxi_Khu_Hoi.a */; };
		B2A4E6461F95B5FB008B7596 /* AppDelegate.m in Sources */ = {isa = PBXBuildFile; fileRef = B2A4E6451F95B5FB008B7596 /* AppDelegate.m */; };
		B2A4E6491F95B5FB008B7596 /* ViewController.m in Sources */ = {isa = PBXBuildFile; fileRef = B2A4E6481F95B5FB008B7596 /* ViewController.m */; };
		B2A4E64C1F95B5FB008B7596 /* Main.storyboard in Resources */ = {isa = PBXBuildFile; fileRef = B2A4E64A1F95B5FB008B7596 /* Main.storyboard */; };
		B2A4E64E1F95B5FB008B7596 /* Assets.xcassets in Resources */ = {isa = PBXBuildFile; fileRef = B2A4E64D1F95B5FB008B7596 /* Assets.xcassets */; };
		B2A4E6511F95B5FB008B7596 /* LaunchScreen.storyboard in Resources */ = {isa = PBXBuildFile; fileRef = B2A4E64F1F95B5FB008B7596 /* LaunchScreen.storyboard */; };
		B2A4E6541F95B5FB008B7596 /* main.m in Sources */ = {isa = PBXBuildFile; fileRef = B2A4E6531F95B5FB008B7596 /* main.m */; };
		B2A4E65C1F95B6A7008B7596 /* UserRegister.m in Sources */ = {isa = PBXBuildFile; fileRef = B2A4E65B1F95B6A7008B7596 /* UserRegister.m */; };
		B2A4E6601F95F727008B7596 /* DriverRegister.m in Sources */ = {isa = PBXBuildFile; fileRef = B2A4E65F1F95F727008B7596 /* DriverRegister.m */; };
		B2A4E6631F95FCAD008B7596 /* VerifyCode.m in Sources */ = {isa = PBXBuildFile; fileRef = B2A4E6621F95FCAD008B7596 /* VerifyCode.m */; };
/* End PBXBuildFile section */

/* Begin PBXFileReference section */
		2E987D8C3263BA38C5014EF0 /* libPods-Taxi_Khu_Hoi.a */ = {isa = PBXFileReference; explicitFileType = archive.ar; includeInIndex = 0; path = "libPods-Taxi_Khu_Hoi.a"; sourceTree = BUILT_PRODUCTS_DIR; };
		7BEF74DB582DF70352ADCC86 /* Pods-Taxi_Khu_Hoi.debug.xcconfig */ = {isa = PBXFileReference; includeInIndex = 1; lastKnownFileType = text.xcconfig; name = "Pods-Taxi_Khu_Hoi.debug.xcconfig"; path = "Pods/Target Support Files/Pods-Taxi_Khu_Hoi/Pods-Taxi_Khu_Hoi.debug.xcconfig"; sourceTree = "<group>"; };
		9D282F293B38826D6A6A8B83 /* Pods-Taxi_Khu_Hoi.release.xcconfig */ = {isa = PBXFileReference; includeInIndex = 1; lastKnownFileType = text.xcconfig; name = "Pods-Taxi_Khu_Hoi.release.xcconfig"; path = "Pods/Target Support Files/Pods-Taxi_Khu_Hoi/Pods-Taxi_Khu_Hoi.release.xcconfig"; sourceTree = "<group>"; };
		B2A4E6411F95B5FB008B7596 /* Taxi_Khu_Hoi.app */ = {isa = PBXFileReference; explicitFileType = wrapper.application; includeInIndex = 0; path = Taxi_Khu_Hoi.app; sourceTree = BUILT_PRODUCTS_DIR; };
		B2A4E6441F95B5FB008B7596 /* AppDelegate.h */ = {isa = PBXFileReference; lastKnownFileType = sourcecode.c.h; path = AppDelegate.h; sourceTree = "<group>"; };
		B2A4E6451F95B5FB008B7596 /* AppDelegate.m */ = {isa = PBXFileReference; lastKnownFileType = sourcecode.c.objc; path = AppDelegate.m; sourceTree = "<group>"; };
		B2A4E6471F95B5FB008B7596 /* ViewController.h */ = {isa = PBXFileReference; lastKnownFileType = sourcecode.c.h; path = ViewController.h; sourceTree = "<group>"; };
		B2A4E6481F95B5FB008B7596 /* ViewController.m */ = {isa = PBXFileReference; lastKnownFileType = sourcecode.c.objc; path = ViewController.m; sourceTree = "<group>"; };
		B2A4E64B1F95B5FB008B7596 /* Base */ = {isa = PBXFileReference; lastKnownFileType = file.storyboard; name = Base; path = Base.lproj/Main.storyboard; sourceTree = "<group>"; };
		B2A4E64D1F95B5FB008B7596 /* Assets.xcassets */ = {isa = PBXFileReference; lastKnownFileType = folder.assetcatalog; path = Assets.xcassets; sourceTree = "<group>"; };
		B2A4E6501F95B5FB008B7596 /* Base */ = {isa = PBXFileReference; lastKnownFileType = file.storyboard; name = Base; path = Base.lproj/LaunchScreen.storyboard; sourceTree = "<group>"; };
		B2A4E6521F95B5FB008B7596 /* Info.plist */ = {isa = PBXFileReference; lastKnownFileType = text.plist.xml; path = Info.plist; sourceTree = "<group>"; };
		B2A4E6531F95B5FB008B7596 /* main.m */ = {isa = PBXFileReference; lastKnownFileType = sourcecode.c.objc; path = main.m; sourceTree = "<group>"; };
		B2A4E65A1F95B6A7008B7596 /* UserRegister.h */ = {isa = PBXFileReference; lastKnownFileType = sourcecode.c.h; path = UserRegister.h; sourceTree = "<group>"; };
		B2A4E65B1F95B6A7008B7596 /* UserRegister.m */ = {isa = PBXFileReference; lastKnownFileType = sourcecode.c.objc; path = UserRegister.m; sourceTree = "<group>"; };
		B2A4E65E1F95F727008B7596 /* DriverRegister.h */ = {isa = PBXFileReference; lastKnownFileType = sourcecode.c.h; path = DriverRegister.h; sourceTree = "<group>"; };
		B2A4E65F1F95F727008B7596 /* DriverRegister.m */ = {isa = PBXFileReference; lastKnownFileType = sourcecode.c.objc; path = DriverRegister.m; sourceTree = "<group>"; };
		B2A4E6611F95FCAD008B7596 /* VerifyCode.h */ = {isa = PBXFileReference; lastKnownFileType = sourcecode.c.h; path = VerifyCode.h; sourceTree = "<group>"; };
		B2A4E6621F95FCAD008B7596 /* VerifyCode.m */ = {isa = PBXFileReference; lastKnownFileType = sourcecode.c.objc; path = VerifyCode.m; sourceTree = "<group>"; };
/* End PBXFileReference section */

/* Begin PBXFrameworksBuildPhase section */
		B2A4E63E1F95B5FB008B7596 /* Frameworks */ = {
			isa = PBXFrameworksBuildPhase;
			buildActionMask = 2147483647;
			files = (
				9A56443010891A28716AADAE /* libPods-Taxi_Khu_Hoi.a in Frameworks */,
			);
			runOnlyForDeploymentPostprocessing = 0;
		};
/* End PBXFrameworksBuildPhase section */

/* Begin PBXGroup section */
		4176757786BA09CF4B6A25BC /* Pods */ = {
			isa = PBXGroup;
			children = (
				7BEF74DB582DF70352ADCC86 /* Pods-Taxi_Khu_Hoi.debug.xcconfig */,
				9D282F293B38826D6A6A8B83 /* Pods-Taxi_Khu_Hoi.release.xcconfig */,
			);
			name = Pods;
			sourceTree = "<group>";
		};
		B2A4E6381F95B5FB008B7596 = {
			isa = PBXGroup;
			children = (
				B2A4E6431F95B5FB008B7596 /* Taxi_Khu_Hoi */,
				B2A4E6421F95B5FB008B7596 /* Products */,
				4176757786BA09CF4B6A25BC /* Pods */,
				C4FED5DA6A9A26AD556EE2C2 /* Frameworks */,
			);
			sourceTree = "<group>";
		};
		B2A4E6421F95B5FB008B7596 /* Products */ = {
			isa = PBXGroup;
			children = (
				B2A4E6411F95B5FB008B7596 /* Taxi_Khu_Hoi.app */,
			);
			name = Products;
			sourceTree = "<group>";
		};
		B2A4E6431F95B5FB008B7596 /* Taxi_Khu_Hoi */ = {
			isa = PBXGroup;
			children = (
				B2A4E6441F95B5FB008B7596 /* AppDelegate.h */,
				B2A4E6451F95B5FB008B7596 /* AppDelegate.m */,
				B2A4E6471F95B5FB008B7596 /* ViewController.h */,
				B2A4E6481F95B5FB008B7596 /* ViewController.m */,
				B2A4E65D1F95C892008B7596 /* Controller */,
				B2A4E64A1F95B5FB008B7596 /* Main.storyboard */,
				B2A4E64D1F95B5FB008B7596 /* Assets.xcassets */,
				B2A4E64F1F95B5FB008B7596 /* LaunchScreen.storyboard */,
				B2A4E6521F95B5FB008B7596 /* Info.plist */,
				B2A4E6531F95B5FB008B7596 /* main.m */,
			);
			path = Taxi_Khu_Hoi;
			sourceTree = "<group>";
		};
		B2A4E65D1F95C892008B7596 /* Controller */ = {
			isa = PBXGroup;
			children = (
				B2A4E65A1F95B6A7008B7596 /* UserRegister.h */,
				B2A4E65B1F95B6A7008B7596 /* UserRegister.m */,
				B2A4E65E1F95F727008B7596 /* DriverRegister.h */,
				B2A4E65F1F95F727008B7596 /* DriverRegister.m */,
				B2A4E6611F95FCAD008B7596 /* VerifyCode.h */,
				B2A4E6621F95FCAD008B7596 /* VerifyCode.m */,
			);
			path = Controller;
			sourceTree = "<group>";
		};
		C4FED5DA6A9A26AD556EE2C2 /* Frameworks */ = {
			isa = PBXGroup;
			children = (
				2E987D8C3263BA38C5014EF0 /* libPods-Taxi_Khu_Hoi.a */,
			);
			name = Frameworks;
			sourceTree = "<group>";
		};
/* End PBXGroup section */

/* Begin PBXNativeTarget section */
		B2A4E6401F95B5FB008B7596 /* Taxi_Khu_Hoi */ = {
			isa = PBXNativeTarget;
			buildConfigurationList = B2A4E6571F95B5FB008B7596 /* Build configuration list for PBXNativeTarget "Taxi_Khu_Hoi" */;
			buildPhases = (
				645EE25F02F881272F329FFF /* [CP] Check Pods Manifest.lock */,
				B2A4E63D1F95B5FB008B7596 /* Sources */,
				B2A4E63E1F95B5FB008B7596 /* Frameworks */,
				B2A4E63F1F95B5FB008B7596 /* Resources */,
				1255490A2A01E8D0CB62ED99 /* [CP] Embed Pods Frameworks */,
				E0451A65C9EBE4F24B776073 /* [CP] Copy Pods Resources */,
			);
			buildRules = (
			);
			dependencies = (
			);
			name = Taxi_Khu_Hoi;
			productName = Taxi_Khu_Hoi;
			productReference = B2A4E6411F95B5FB008B7596 /* Taxi_Khu_Hoi.app */;
			productType = "com.apple.product-type.application";
		};
/* End PBXNativeTarget section */

/* Begin PBXProject section */
		B2A4E6391F95B5FB008B7596 /* Project object */ = {
			isa = PBXProject;
			attributes = {
				LastUpgradeCheck = 0900;
				ORGANIZATIONNAME = Mobilefolk;
				TargetAttributes = {
					B2A4E6401F95B5FB008B7596 = {
						CreatedOnToolsVersion = 9.0.1;
						ProvisioningStyle = Automatic;
					};
				};
			};
			buildConfigurationList = B2A4E63C1F95B5FB008B7596 /* Build configuration list for PBXProject "Taxi_Khu_Hoi" */;
			compatibilityVersion = "Xcode 8.0";
			developmentRegion = en;
			hasScannedForEncodings = 0;
			knownRegions = (
				en,
				Base,
			);
			mainGroup = B2A4E6381F95B5FB008B7596;
			productRefGroup = B2A4E6421F95B5FB008B7596 /* Products */;
			projectDirPath = "";
			projectRoot = "";
			targets = (
				B2A4E6401F95B5FB008B7596 /* Taxi_Khu_Hoi */,
			);
		};
/* End PBXProject section */

/* Begin PBXResourcesBuildPhase section */
		B2A4E63F1F95B5FB008B7596 /* Resources */ = {
			isa = PBXResourcesBuildPhase;
			buildActionMask = 2147483647;
			files = (
				B2A4E6511F95B5FB008B7596 /* LaunchScreen.storyboard in Resources */,
				B2A4E64E1F95B5FB008B7596 /* Assets.xcassets in Resources */,
				B2A4E64C1F95B5FB008B7596 /* Main.storyboard in Resources */,
			);
			runOnlyForDeploymentPostprocessing = 0;
		};
/* End PBXResourcesBuildPhase section */

/* Begin PBXShellScriptBuildPhase section */
		1255490A2A01E8D0CB62ED99 /* [CP] Embed Pods Frameworks */ = {
			isa = PBXShellScriptBuildPhase;
			buildActionMask = 2147483647;
			files = (
			);
			inputPaths = (
			);
			name = "[CP] Embed Pods Frameworks";
			outputPaths = (
			);
			runOnlyForDeploymentPostprocessing = 0;
			shellPath = /bin/sh;
			shellScript = "\"${SRCROOT}/Pods/Target Support Files/Pods-Taxi_Khu_Hoi/Pods-Taxi_Khu_Hoi-frameworks.sh\"\n";
			showEnvVarsInLog = 0;
		};
		645EE25F02F881272F329FFF /* [CP] Check Pods Manifest.lock */ = {
			isa = PBXShellScriptBuildPhase;
			buildActionMask = 2147483647;
			files = (
			);
			inputPaths = (
				"${PODS_PODFILE_DIR_PATH}/Podfile.lock",
				"${PODS_ROOT}/Manifest.lock",
			);
			name = "[CP] Check Pods Manifest.lock";
			outputPaths = (
				"$(DERIVED_FILE_DIR)/Pods-Taxi_Khu_Hoi-checkManifestLockResult.txt",
			);
			runOnlyForDeploymentPostprocessing = 0;
			shellPath = /bin/sh;
			shellScript = "diff \"${PODS_PODFILE_DIR_PATH}/Podfile.lock\" \"${PODS_ROOT}/Manifest.lock\" > /dev/null\nif [ $? != 0 ] ; then\n    # print error to STDERR\n    echo \"error: The sandbox is not in sync with the Podfile.lock. Run 'pod install' or update your CocoaPods installation.\" >&2\n    exit 1\nfi\n# This output is used by Xcode 'outputs' to avoid re-running this script phase.\necho \"SUCCESS\" > \"${SCRIPT_OUTPUT_FILE_0}\"\n";
			showEnvVarsInLog = 0;
		};
		E0451A65C9EBE4F24B776073 /* [CP] Copy Pods Resources */ = {
			isa = PBXShellScriptBuildPhase;
			buildActionMask = 2147483647;
			files = (
			);
			inputPaths = (
				"${SRCROOT}/Pods/Target Support Files/Pods-Taxi_Khu_Hoi/Pods-Taxi_Khu_Hoi-resources.sh",
				"${PODS_ROOT}/XLForm/XLForm/XLForm.bundle",
			);
			name = "[CP] Copy Pods Resources";
			outputPaths = (
				"${TARGET_BUILD_DIR}/${UNLOCALIZED_RESOURCES_FOLDER_PATH}",
			);
			runOnlyForDeploymentPostprocessing = 0;
			shellPath = /bin/sh;
			shellScript = "\"${SRCROOT}/Pods/Target Support Files/Pods-Taxi_Khu_Hoi/Pods-Taxi_Khu_Hoi-resources.sh\"\n";
			showEnvVarsInLog = 0;
		};
/* End PBXShellScriptBuildPhase section */

/* Begin PBXSourcesBuildPhase section */
		B2A4E63D1F95B5FB008B7596 /* Sources */ = {
			isa = PBXSourcesBuildPhase;
			buildActionMask = 2147483647;
			files = (
				B2A4E6491F95B5FB008B7596 /* ViewController.m in Sources */,
				B2A4E65C1F95B6A7008B7596 /* UserRegister.m in Sources */,
				B2A4E6601F95F727008B7596 /* DriverRegister.m in Sources */,
				B2A4E6631F95FCAD008B7596 /* VerifyCode.m in Sources */,
				B2A4E6541F95B5FB008B7596 /* main.m in Sources */,
				B2A4E6461F95B5FB008B7596 /* AppDelegate.m in Sources */,
			);
			runOnlyForDeploymentPostprocessing = 0;
		};
/* End PBXSourcesBuildPhase section */

/* Begin PBXVariantGroup section */
		B2A4E64A1F95B5FB008B7596 /* Main.storyboard */ = {
			isa = PBXVariantGroup;
			children = (
				B2A4E64B1F95B5FB008B7596 /* Base */,
			);
			name = Main.storyboard;
			sourceTree = "<group>";
		};
		B2A4E64F1F95B5FB008B7596 /* LaunchScreen.storyboard */ = {
			isa = PBXVariantGroup;
			children = (
				B2A4E6501F95B5FB008B7596 /* Base */,
			);
			name = LaunchScreen.storyboard;
			sourceTree = "<group>";
		};
/* End PBXVariantGroup section */

/* Begin XCBuildConfiguration section */
		B2A4E6551F95B5FB008B7596 /* Debug */ = {
			isa = XCBuildConfiguration;
			buildSettings = {
				ALWAYS_SEARCH_USER_PATHS = NO;
				CLANG_ANALYZER_NONNULL = YES;
				CLANG_ANALYZER_NUMBER_OBJECT_CONVERSION = YES_AGGRESSIVE;
				CLANG_CXX_LANGUAGE_STANDARD = "gnu++14";
				CLANG_CXX_LIBRARY = "libc++";
				CLANG_ENABLE_MODULES = YES;
				CLANG_ENABLE_OBJC_ARC = YES;
				CLANG_WARN_BLOCK_CAPTURE_AUTORELEASING = YES;
				CLANG_WARN_BOOL_CONVERSION = YES;
				CLANG_WARN_COMMA = YES;
				CLANG_WARN_CONSTANT_CONVERSION = YES;
				CLANG_WARN_DIRECT_OBJC_ISA_USAGE = YES_ERROR;
				CLANG_WARN_DOCUMENTATION_COMMENTS = YES;
				CLANG_WARN_EMPTY_BODY = YES;
				CLANG_WARN_ENUM_CONVERSION = YES;
				CLANG_WARN_INFINITE_RECURSION = YES;
				CLANG_WARN_INT_CONVERSION = YES;
				CLANG_WARN_NON_LITERAL_NULL_CONVERSION = YES;
				CLANG_WARN_OBJC_LITERAL_CONVERSION = YES;
				CLANG_WARN_OBJC_ROOT_CLASS = YES_ERROR;
				CLANG_WARN_RANGE_LOOP_ANALYSIS = YES;
				CLANG_WARN_STRICT_PROTOTYPES = YES;
				CLANG_WARN_SUSPICIOUS_MOVE = YES;
				CLANG_WARN_UNGUARDED_AVAILABILITY = YES_AGGRESSIVE;
				CLANG_WARN_UNREACHABLE_CODE = YES;
				CLANG_WARN__DUPLICATE_METHOD_MATCH = YES;
				CODE_SIGN_IDENTITY = "iPhone Developer";
				COPY_PHASE_STRIP = NO;
				DEBUG_INFORMATION_FORMAT = dwarf;
				ENABLE_STRICT_OBJC_MSGSEND = YES;
				ENABLE_TESTABILITY = YES;
				GCC_C_LANGUAGE_STANDARD = gnu11;
				GCC_DYNAMIC_NO_PIC = NO;
				GCC_NO_COMMON_BLOCKS = YES;
				GCC_OPTIMIZATION_LEVEL = 0;
				GCC_PREPROCESSOR_DEFINITIONS = (
					"DEBUG=1",
					"$(inherited)",
				);
				GCC_WARN_64_TO_32_BIT_CONVERSION = YES;
				GCC_WARN_ABOUT_RETURN_TYPE = YES_ERROR;
				GCC_WARN_UNDECLARED_SELECTOR = YES;
				GCC_WARN_UNINITIALIZED_AUTOS = YES_AGGRESSIVE;
				GCC_WARN_UNUSED_FUNCTION = YES;
				GCC_WARN_UNUSED_VARIABLE = YES;
				IPHONEOS_DEPLOYMENT_TARGET = 11.0;
				MTL_ENABLE_DEBUG_INFO = YES;
				ONLY_ACTIVE_ARCH = YES;
				SDKROOT = iphoneos;
			};
			name = Debug;
		};
		B2A4E6561F95B5FB008B7596 /* Release */ = {
			isa = XCBuildConfiguration;
			buildSettings = {
				ALWAYS_SEARCH_USER_PATHS = NO;
				CLANG_ANALYZER_NONNULL = YES;
				CLANG_ANALYZER_NUMBER_OBJECT_CONVERSION = YES_AGGRESSIVE;
				CLANG_CXX_LANGUAGE_STANDARD = "gnu++14";
				CLANG_CXX_LIBRARY = "libc++";
				CLANG_ENABLE_MODULES = YES;
				CLANG_ENABLE_OBJC_ARC = YES;
				CLANG_WARN_BLOCK_CAPTURE_AUTORELEASING = YES;
				CLANG_WARN_BOOL_CONVERSION = YES;
				CLANG_WARN_COMMA = YES;
				CLANG_WARN_CONSTANT_CONVERSION = YES;
				CLANG_WARN_DIRECT_OBJC_ISA_USAGE = YES_ERROR;
				CLANG_WARN_DOCUMENTATION_COMMENTS = YES;
				CLANG_WARN_EMPTY_BODY = YES;
				CLANG_WARN_ENUM_CONVERSION = YES;
				CLANG_WARN_INFINITE_RECURSION = YES;
				CLANG_WARN_INT_CONVERSION = YES;
				CLANG_WARN_NON_LITERAL_NULL_CONVERSION = YES;
				CLANG_WARN_OBJC_LITERAL_CONVERSION = YES;
				CLANG_WARN_OBJC_ROOT_CLASS = YES_ERROR;
				CLANG_WARN_RANGE_LOOP_ANALYSIS = YES;
				CLANG_WARN_STRICT_PROTOTYPES = YES;
				CLANG_WARN_SUSPICIOUS_MOVE = YES;
				CLANG_WARN_UNGUARDED_AVAILABILITY = YES_AGGRESSIVE;
				CLANG_WARN_UNREACHABLE_CODE = YES;
				CLANG_WARN__DUPLICATE_METHOD_MATCH = YES;
				CODE_SIGN_IDENTITY = "iPhone Developer";
				COPY_PHASE_STRIP = NO;
				DEBUG_INFORMATION_FORMAT = "dwarf-with-dsym";
				ENABLE_NS_ASSERTIONS = NO;
				ENABLE_STRICT_OBJC_MSGSEND = YES;
				GCC_C_LANGUAGE_STANDARD = gnu11;
				GCC_NO_COMMON_BLOCKS = YES;
				GCC_WARN_64_TO_32_BIT_CONVERSION = YES;
				GCC_WARN_ABOUT_RETURN_TYPE = YES_ERROR;
				GCC_WARN_UNDECLARED_SELECTOR = YES;
				GCC_WARN_UNINITIALIZED_AUTOS = YES_AGGRESSIVE;
				GCC_WARN_UNUSED_FUNCTION = YES;
				GCC_WARN_UNUSED_VARIABLE = YES;
				IPHONEOS_DEPLOYMENT_TARGET = 11.0;
				MTL_ENABLE_DEBUG_INFO = NO;
				SDKROOT = iphoneos;
				VALIDATE_PRODUCT = YES;
			};
			name = Release;
		};
		B2A4E6581F95B5FB008B7596 /* Debug */ = {
			isa = XCBuildConfiguration;
			baseConfigurationReference = 7BEF74DB582DF70352ADCC86 /* Pods-Taxi_Khu_Hoi.debug.xcconfig */;
			buildSettings = {
				ASSETCATALOG_COMPILER_APPICON_NAME = AppIcon;
				CODE_SIGN_STYLE = Automatic;
				DEVELOPMENT_TEAM = 988D2L6XZT;
				INFOPLIST_FILE = Taxi_Khu_Hoi/Info.plist;
				IPHONEOS_DEPLOYMENT_TARGET = 10.0;
				LD_RUNPATH_SEARCH_PATHS = "$(inherited) @executable_path/Frameworks";
				PRODUCT_BUNDLE_IDENTIFIER = "Hung.Taxi-Khu-Hoi";
				PRODUCT_NAME = "$(TARGET_NAME)";
				TARGETED_DEVICE_FAMILY = "1,2";
			};
			name = Debug;
		};
		B2A4E6591F95B5FB008B7596 /* Release */ = {
			isa = XCBuildConfiguration;
			baseConfigurationReference = 9D282F293B38826D6A6A8B83 /* Pods-Taxi_Khu_Hoi.release.xcconfig */;
			buildSettings = {
				ASSETCATALOG_COMPILER_APPICON_NAME = AppIcon;
				CODE_SIGN_STYLE = Automatic;
				DEVELOPMENT_TEAM = 988D2L6XZT;
				INFOPLIST_FILE = Taxi_Khu_Hoi/Info.plist;
				IPHONEOS_DEPLOYMENT_TARGET = 10.0;
				LD_RUNPATH_SEARCH_PATHS = "$(inherited) @executable_path/Frameworks";
				PRODUCT_BUNDLE_IDENTIFIER = "Hung.Taxi-Khu-Hoi";
				PRODUCT_NAME = "$(TARGET_NAME)";
				TARGETED_DEVICE_FAMILY = "1,2";
			};
			name = Release;
		};
/* End XCBuildConfiguration section */

/* Begin XCConfigurationList section */
		B2A4E63C1F95B5FB008B7596 /* Build configuration list for PBXProject "Taxi_Khu_Hoi" */ = {
			isa = XCConfigurationList;
			buildConfigurations = (
				B2A4E6551F95B5FB008B7596 /* Debug */,
				B2A4E6561F95B5FB008B7596 /* Release */,
			);
			defaultConfigurationIsVisible = 0;
			defaultConfigurationName = Release;
		};
		B2A4E6571F95B5FB008B7596 /* Build configuration list for PBXNativeTarget "Taxi_Khu_Hoi" */ = {
			isa = XCConfigurationList;
			buildConfigurations = (
				B2A4E6581F95B5FB008B7596 /* Debug */,
				B2A4E6591F95B5FB008B7596 /* Release */,
			);
			defaultConfigurationIsVisible = 0;
			defaultConfigurationName = Release;
		};
/* End XCConfigurationList section */
	};
	rootObject = B2A4E6391F95B5FB008B7596 /* Project object */;
}
